
Microsoft Visual Studio Solution File, Format Version 12.00
# Visual Studio 15
Project("{f2a71f9b-5d33-465a-a702-920d77279786}") = "Boids.Core", "Boids.Core\Boids.Core.fsproj", "{9E2C3E7B-8314-4879-953C-70895A291E40}"
EndProject
Project("{f2a71f9b-5d33-465a-a702-920d77279786}") = "Boids.View", "Boids.View\Boids.View.fsproj", "{51E0E025-F322-4042-AEE5-633EA709C692}"
EndProject
Global
	GlobalSection(SolutionConfigurationPlatforms) = preSolution
		Debug|x86 = Debug|x86
		Release|x86 = Release|x86
	EndGlobalSection
	GlobalSection(ProjectConfigurationPlatforms) = postSolution
		{9E2C3E7B-8314-4879-953C-70895A291E40}.Debug|x86.ActiveCfg = Debug|Any CPU
		{9E2C3E7B-8314-4879-953C-70895A291E40}.Debug|x86.Build.0 = Debug|Any CPU
		{9E2C3E7B-8314-4879-953C-70895A291E40}.Release|x86.ActiveCfg = Release|Any CPU
		{9E2C3E7B-8314-4879-953C-70895A291E40}.Release|x86.Build.0 = Release|Any CPU
		{51E0E025-F322-4042-AEE5-633EA709C692}.Debug|x86.ActiveCfg = Debug|Any CPU
		{51E0E025-F322-4042-AEE5-633EA709C692}.Debug|x86.Build.0 = Debug|Any CPU
		{51E0E025-F322-4042-AEE5-633EA709C692}.Release|x86.ActiveCfg = Release|Any CPU
		{51E0E025-F322-4042-AEE5-633EA709C692}.Release|x86.Build.0 = Release|Any CPU
	EndGlobalSection
EndGlobal
